
Microsoft Visual Studio Solution File, Format Version 12.00
# Visual Studio Version 16
VisualStudioVersion = 16.0.32228.343
MinimumVisualStudioVersion = 10.0.40219.1
Project("{8BC9CEB8-8B4A-11D0-8D11-00A0C91BC942}") = "p486", "p486.vcxproj", "{E8237AC6-5CDF-4625-B768-B220D71A3D54}"
EndProject
Global
	GlobalSection(SolutionConfigurationPlatforms) = preSolution
		Debug|x64 = Debug|x64
		Debug|x86 = Debug|x86
		Release|x64 = Release|x64
		Release|x86 = Release|x86
	EndGlobalSection
	GlobalSection(ProjectConfigurationPlatforms) = postSolution
		{E8237AC6-5CDF-4625-B768-B220D71A3D54}.Debug|x64.ActiveCfg = Debug|x64
		{E8237AC6-5CDF-4625-B768-B220D71A3D54}.Debug|x64.Build.0 = Debug|x64
		{E8237AC6-5CDF-4625-B768-B220D71A3D54}.Debug|x86.ActiveCfg = Debug|Win32
		{E8237AC6-5CDF-4625-B768-B220D71A3D54}.Debug|x86.Build.0 = Debug|Win32
		{E8237AC6-5CDF-4625-B768-B220D71A3D54}.Release|x64.ActiveCfg = Release|x64
		{E8237AC6-5CDF-4625-B768-B220D71A3D54}.Release|x64.Build.0 = Release|x64
		{E8237AC6-5CDF-4625-B768-B220D71A3D54}.Release|x86.ActiveCfg = Release|Win32
		{E8237AC6-5CDF-4625-B768-B220D71A3D54}.Release|x86.Build.0 = Release|Win32
	EndGlobalSection
	GlobalSection(SolutionProperties) = preSolution
		HideSolutionNode = FALSE
	EndGlobalSection
	GlobalSection(ExtensibilityGlobals) = postSolution
		SolutionGuid = {E7F98B58-0308-4475-AC57-9AB88CEEB181}
	EndGlobalSection
EndGlobal
